// !$*UTF8*$!
{
	archiveVersion = 1;
	classes = {
	};
	objectVersion = 50;
	objects = {

/* Begin PBXBuildFile section */
		5F042D3225315060001693E1 /* LyftRideQuote.swift in Sources */ = {isa = PBXBuildFile; fileRef = 5F042D3125315060001693E1 /* LyftRideQuote.swift */; };
		5F042D37253152EF001693E1 /* LyftRideQuoteManager.swift in Sources */ = {isa = PBXBuildFile; fileRef = 5F042D36253152EF001693E1 /* LyftRideQuoteManager.swift */; };
		5F042D3C253157BB001693E1 /* K.swift in Sources */ = {isa = PBXBuildFile; fileRef = 5F042D3B253157BB001693E1 /* K.swift */; };
		5FBD4551253077270039A86C /* AppDelegate.swift in Sources */ = {isa = PBXBuildFile; fileRef = 5FBD4550253077270039A86C /* AppDelegate.swift */; };
		5FBD4553253077270039A86C /* SceneDelegate.swift in Sources */ = {isa = PBXBuildFile; fileRef = 5FBD4552253077270039A86C /* SceneDelegate.swift */; };
		5FBD4555253077270039A86C /* HomeViewController.swift in Sources */ = {isa = PBXBuildFile; fileRef = 5FBD4554253077270039A86C /* HomeViewController.swift */; };
		5FBD4558253077270039A86C /* Main.storyboard in Resources */ = {isa = PBXBuildFile; fileRef = 5FBD4556253077270039A86C /* Main.storyboard */; };
		5FBD455A253077280039A86C /* Assets.xcassets in Resources */ = {isa = PBXBuildFile; fileRef = 5FBD4559253077280039A86C /* Assets.xcassets */; };
		5FBD455D253077280039A86C /* LaunchScreen.storyboard in Resources */ = {isa = PBXBuildFile; fileRef = 5FBD455B253077280039A86C /* LaunchScreen.storyboard */; };
		5FBD4568253077280039A86C /* LyftMapKitCloneTests.swift in Sources */ = {isa = PBXBuildFile; fileRef = 5FBD4567253077280039A86C /* LyftMapKitCloneTests.swift */; };
		5FBD4573253077280039A86C /* LyftMapKitCloneUITests.swift in Sources */ = {isa = PBXBuildFile; fileRef = 5FBD4572253077280039A86C /* LyftMapKitCloneUITests.swift */; };
		5FBD458525307BAB0039A86C /* DropOffLocation.storyboard in Resources */ = {isa = PBXBuildFile; fileRef = 5FBD458325307BAB0039A86C /* DropOffLocation.storyboard */; };
		5FBD458A25307BD50039A86C /* DropOffLocationViewController.swift in Sources */ = {isa = PBXBuildFile; fileRef = 5FBD458925307BD50039A86C /* DropOffLocationViewController.swift */; };
		5FBD458F25307CE10039A86C /* RouteViewController.swift in Sources */ = {isa = PBXBuildFile; fileRef = 5FBD458E25307CE10039A86C /* RouteViewController.swift */; };
		5FBD459725307CF10039A86C /* DriverViewController.swift in Sources */ = {isa = PBXBuildFile; fileRef = 5FBD459625307CF10039A86C /* DriverViewController.swift */; };
		5FBD459D25307D1E0039A86C /* Route.storyboard in Resources */ = {isa = PBXBuildFile; fileRef = 5FBD459B25307D1E0039A86C /* Route.storyboard */; };
		5FBD45A225307D330039A86C /* Driver.storyboard in Resources */ = {isa = PBXBuildFile; fileRef = 5FBD45A125307D330039A86C /* Driver.storyboard */; };
		5FBD45BD25307FE50039A86C /* Location.swift in Sources */ = {isa = PBXBuildFile; fileRef = 5FBD45BC25307FE50039A86C /* Location.swift */; };
		5FBD45C225307FF80039A86C /* LocationManager.swift in Sources */ = {isa = PBXBuildFile; fileRef = 5FBD45C125307FF80039A86C /* LocationManager.swift */; };
		5FBD45C72530803D0039A86C /* locations-json.json in Resources */ = {isa = PBXBuildFile; fileRef = 5FBD45C62530803D0039A86C /* locations-json.json */; };
		5FBD45D025308B070039A86C /* LocationCell.swift in Sources */ = {isa = PBXBuildFile; fileRef = 5FBD45CF25308B070039A86C /* LocationCell.swift */; };
/* End PBXBuildFile section */

/* Begin PBXContainerItemProxy section */
		5FBD4564253077280039A86C /* PBXContainerItemProxy */ = {
			isa = PBXContainerItemProxy;
			containerPortal = 5FBD4545253077270039A86C /* Project object */;
			proxyType = 1;
			remoteGlobalIDString = 5FBD454C253077270039A86C;
			remoteInfo = LyftMapKitClone;
		};
		5FBD456F253077280039A86C /* PBXContainerItemProxy */ = {
			isa = PBXContainerItemProxy;
			containerPortal = 5FBD4545253077270039A86C /* Project object */;
			proxyType = 1;
			remoteGlobalIDString = 5FBD454C253077270039A86C;
			remoteInfo = LyftMapKitClone;
		};
/* End PBXContainerItemProxy section */

/* Begin PBXFileReference section */
		5F042D3125315060001693E1 /* LyftRideQuote.swift */ = {isa = PBXFileReference; lastKnownFileType = sourcecode.swift; path = LyftRideQuote.swift; sourceTree = "<group>"; };
		5F042D36253152EF001693E1 /* LyftRideQuoteManager.swift */ = {isa = PBXFileReference; lastKnownFileType = sourcecode.swift; path = LyftRideQuoteManager.swift; sourceTree = "<group>"; };
		5F042D3B253157BB001693E1 /* K.swift */ = {isa = PBXFileReference; fileEncoding = 4; lastKnownFileType = sourcecode.swift; path = K.swift; sourceTree = "<group>"; };
		5FBD454D253077270039A86C /* LyftMapKitClone.app */ = {isa = PBXFileReference; explicitFileType = wrapper.application; includeInIndex = 0; path = LyftMapKitClone.app; sourceTree = BUILT_PRODUCTS_DIR; };
		5FBD4550253077270039A86C /* AppDelegate.swift */ = {isa = PBXFileReference; lastKnownFileType = sourcecode.swift; path = AppDelegate.swift; sourceTree = "<group>"; };
		5FBD4552253077270039A86C /* SceneDelegate.swift */ = {isa = PBXFileReference; lastKnownFileType = sourcecode.swift; path = SceneDelegate.swift; sourceTree = "<group>"; };
		5FBD4554253077270039A86C /* HomeViewController.swift */ = {isa = PBXFileReference; lastKnownFileType = sourcecode.swift; path = HomeViewController.swift; sourceTree = "<group>"; };
		5FBD4557253077270039A86C /* Base */ = {isa = PBXFileReference; lastKnownFileType = file.storyboard; name = Base; path = Base.lproj/Main.storyboard; sourceTree = "<group>"; };
		5FBD4559253077280039A86C /* Assets.xcassets */ = {isa = PBXFileReference; lastKnownFileType = folder.assetcatalog; path = Assets.xcassets; sourceTree = "<group>"; };
		5FBD455C253077280039A86C /* Base */ = {isa = PBXFileReference; lastKnownFileType = file.storyboard; name = Base; path = Base.lproj/LaunchScreen.storyboard; sourceTree = "<group>"; };
		5FBD455E253077280039A86C /* Info.plist */ = {isa = PBXFileReference; lastKnownFileType = text.plist.xml; path = Info.plist; sourceTree = "<group>"; };
		5FBD4563253077280039A86C /* LyftMapKitCloneTests.xctest */ = {isa = PBXFileReference; explicitFileType = wrapper.cfbundle; includeInIndex = 0; path = LyftMapKitCloneTests.xctest; sourceTree = BUILT_PRODUCTS_DIR; };
		5FBD4567253077280039A86C /* LyftMapKitCloneTests.swift */ = {isa = PBXFileReference; lastKnownFileType = sourcecode.swift; path = LyftMapKitCloneTests.swift; sourceTree = "<group>"; };
		5FBD4569253077280039A86C /* Info.plist */ = {isa = PBXFileReference; lastKnownFileType = text.plist.xml; path = Info.plist; sourceTree = "<group>"; };
		5FBD456E253077280039A86C /* LyftMapKitCloneUITests.xctest */ = {isa = PBXFileReference; explicitFileType = wrapper.cfbundle; includeInIndex = 0; path = LyftMapKitCloneUITests.xctest; sourceTree = BUILT_PRODUCTS_DIR; };
		5FBD4572253077280039A86C /* LyftMapKitCloneUITests.swift */ = {isa = PBXFileReference; lastKnownFileType = sourcecode.swift; path = LyftMapKitCloneUITests.swift; sourceTree = "<group>"; };
		5FBD4574253077280039A86C /* Info.plist */ = {isa = PBXFileReference; lastKnownFileType = text.plist.xml; path = Info.plist; sourceTree = "<group>"; };
		5FBD458425307BAB0039A86C /* Base */ = {isa = PBXFileReference; lastKnownFileType = file.storyboard; name = Base; path = LyftMapKitClone/Base.lproj/DropOffLocation.storyboard; sourceTree = "<group>"; };
		5FBD458925307BD50039A86C /* DropOffLocationViewController.swift */ = {isa = PBXFileReference; lastKnownFileType = sourcecode.swift; path = DropOffLocationViewController.swift; sourceTree = "<group>"; };
		5FBD458E25307CE10039A86C /* RouteViewController.swift */ = {isa = PBXFileReference; lastKnownFileType = sourcecode.swift; path = RouteViewController.swift; sourceTree = "<group>"; };
		5FBD459625307CF10039A86C /* DriverViewController.swift */ = {isa = PBXFileReference; lastKnownFileType = sourcecode.swift; path = DriverViewController.swift; sourceTree = "<group>"; };
		5FBD459C25307D1E0039A86C /* Base */ = {isa = PBXFileReference; lastKnownFileType = file.storyboard; name = Base; path = LyftMapKitClone/Base.lproj/Route.storyboard; sourceTree = "<group>"; };
		5FBD45A125307D330039A86C /* Driver.storyboard */ = {isa = PBXFileReference; fileEncoding = 4; lastKnownFileType = file.storyboard; path = Driver.storyboard; sourceTree = "<group>"; };
		5FBD45BC25307FE50039A86C /* Location.swift */ = {isa = PBXFileReference; lastKnownFileType = sourcecode.swift; path = Location.swift; sourceTree = "<group>"; };
		5FBD45C125307FF80039A86C /* LocationManager.swift */ = {isa = PBXFileReference; lastKnownFileType = sourcecode.swift; path = LocationManager.swift; sourceTree = "<group>"; };
		5FBD45C62530803D0039A86C /* locations-json.json */ = {isa = PBXFileReference; lastKnownFileType = text.json; path = "locations-json.json"; sourceTree = "<group>"; xcLanguageSpecificationIdentifier = xcode.lang.json; };
		5FBD45CF25308B070039A86C /* LocationCell.swift */ = {isa = PBXFileReference; lastKnownFileType = sourcecode.swift; path = LocationCell.swift; sourceTree = "<group>"; };
/* End PBXFileReference section */

/* Begin PBXFrameworksBuildPhase section */
		5FBD454A253077270039A86C /* Frameworks */ = {
			isa = PBXFrameworksBuildPhase;
			buildActionMask = 2147483647;
			files = (
			);
			runOnlyForDeploymentPostprocessing = 0;
		};
		5FBD4560253077280039A86C /* Frameworks */ = {
			isa = PBXFrameworksBuildPhase;
			buildActionMask = 2147483647;
			files = (
			);
			runOnlyForDeploymentPostprocessing = 0;
		};
		5FBD456B253077280039A86C /* Frameworks */ = {
			isa = PBXFrameworksBuildPhase;
			buildActionMask = 2147483647;
			files = (
			);
			runOnlyForDeploymentPostprocessing = 0;
		};
/* End PBXFrameworksBuildPhase section */

/* Begin PBXGroup section */
		5FBD4544253077270039A86C = {
			isa = PBXGroup;
			children = (
				5FBD45B225307E710039A86C /* Supporting Files */,
				5FBD45CE25308AEA0039A86C /* Views */,
				5FBD45B125307E670039A86C /* Models */,
				5FBD454F253077270039A86C /* LyftMapKitClone */,
				5FBD4566253077280039A86C /* LyftMapKitCloneTests */,
				5FBD4571253077280039A86C /* LyftMapKitCloneUITests */,
				5FBD454E253077270039A86C /* Products */,
			);
			sourceTree = "<group>";
		};
		5FBD454E253077270039A86C /* Products */ = {
			isa = PBXGroup;
			children = (
				5FBD454D253077270039A86C /* LyftMapKitClone.app */,
				5FBD4563253077280039A86C /* LyftMapKitCloneTests.xctest */,
				5FBD456E253077280039A86C /* LyftMapKitCloneUITests.xctest */,
			);
			name = Products;
			sourceTree = "<group>";
		};
		5FBD454F253077270039A86C /* LyftMapKitClone */ = {
			isa = PBXGroup;
			children = (
				5FBD45AA25307DF10039A86C /* DriverScene */,
				5FBD45AB25307E060039A86C /* RouteScene */,
				5FBD45AC25307E120039A86C /* DropOffScene */,
				5FBD45AD25307E240039A86C /* HomeScene */,
				5FBD4559253077280039A86C /* Assets.xcassets */,
				5FBD455B253077280039A86C /* LaunchScreen.storyboard */,
				5FBD455E253077280039A86C /* Info.plist */,
			);
			path = LyftMapKitClone;
			sourceTree = "<group>";
		};
		5FBD4566253077280039A86C /* LyftMapKitCloneTests */ = {
			isa = PBXGroup;
			children = (
				5FBD4567253077280039A86C /* LyftMapKitCloneTests.swift */,
				5FBD4569253077280039A86C /* Info.plist */,
			);
			path = LyftMapKitCloneTests;
			sourceTree = "<group>";
		};
		5FBD4571253077280039A86C /* LyftMapKitCloneUITests */ = {
			isa = PBXGroup;
			children = (
				5FBD4572253077280039A86C /* LyftMapKitCloneUITests.swift */,
				5FBD4574253077280039A86C /* Info.plist */,
			);
			path = LyftMapKitCloneUITests;
			sourceTree = "<group>";
		};
		5FBD45AA25307DF10039A86C /* DriverScene */ = {
			isa = PBXGroup;
			children = (
				5FBD459625307CF10039A86C /* DriverViewController.swift */,
			);
			path = DriverScene;
			sourceTree = "<group>";
		};
		5FBD45AB25307E060039A86C /* RouteScene */ = {
			isa = PBXGroup;
			children = (
				5FBD458E25307CE10039A86C /* RouteViewController.swift */,
			);
			path = RouteScene;
			sourceTree = "<group>";
		};
		5FBD45AC25307E120039A86C /* DropOffScene */ = {
			isa = PBXGroup;
			children = (
				5FBD458925307BD50039A86C /* DropOffLocationViewController.swift */,
			);
			path = DropOffScene;
			sourceTree = "<group>";
		};
		5FBD45AD25307E240039A86C /* HomeScene */ = {
			isa = PBXGroup;
			children = (
				5FBD4554253077270039A86C /* HomeViewController.swift */,
			);
			path = HomeScene;
			sourceTree = "<group>";
		};
		5FBD45B125307E670039A86C /* Models */ = {
			isa = PBXGroup;
			children = (
				5F042D3B253157BB001693E1 /* K.swift */,
				5FBD45BC25307FE50039A86C /* Location.swift */,
				5FBD45C125307FF80039A86C /* LocationManager.swift */,
				5FBD45C62530803D0039A86C /* locations-json.json */,
				5F042D3125315060001693E1 /* LyftRideQuote.swift */,
				5F042D36253152EF001693E1 /* LyftRideQuoteManager.swift */,
			);
			path = Models;
			sourceTree = "<group>";
		};
		5FBD45B225307E710039A86C /* Supporting Files */ = {
			isa = PBXGroup;
			children = (
				5FBD4550253077270039A86C /* AppDelegate.swift */,
				5FBD4552253077270039A86C /* SceneDelegate.swift */,
			);
			path = "Supporting Files";
			sourceTree = "<group>";
		};
		5FBD45CE25308AEA0039A86C /* Views */ = {
			isa = PBXGroup;
			children = (
				5FBD4556253077270039A86C /* Main.storyboard */,
				5FBD45CF25308B070039A86C /* LocationCell.swift */,
				5FBD458325307BAB0039A86C /* DropOffLocation.storyboard */,
				5FBD459B25307D1E0039A86C /* Route.storyboard */,
				5FBD45A125307D330039A86C /* Driver.storyboard */,
			);
			path = Views;
			sourceTree = "<group>";
		};
/* End PBXGroup section */

/* Begin PBXNativeTarget section */
		5FBD454C253077270039A86C /* LyftMapKitClone */ = {
			isa = PBXNativeTarget;
			buildConfigurationList = 5FBD4577253077280039A86C /* Build configuration list for PBXNativeTarget "LyftMapKitClone" */;
			buildPhases = (
				5FBD4549253077270039A86C /* Sources */,
				5FBD454A253077270039A86C /* Frameworks */,
				5FBD454B253077270039A86C /* Resources */,
			);
			buildRules = (
			);
			dependencies = (
			);
			name = LyftMapKitClone;
			productName = LyftMapKitClone;
			productReference = 5FBD454D253077270039A86C /* LyftMapKitClone.app */;
			productType = "com.apple.product-type.application";
		};
		5FBD4562253077280039A86C /* LyftMapKitCloneTests */ = {
			isa = PBXNativeTarget;
			buildConfigurationList = 5FBD457A253077280039A86C /* Build configuration list for PBXNativeTarget "LyftMapKitCloneTests" */;
			buildPhases = (
				5FBD455F253077280039A86C /* Sources */,
				5FBD4560253077280039A86C /* Frameworks */,
				5FBD4561253077280039A86C /* Resources */,
			);
			buildRules = (
			);
			dependencies = (
				5FBD4565253077280039A86C /* PBXTargetDependency */,
			);
			name = LyftMapKitCloneTests;
			productName = LyftMapKitCloneTests;
			productReference = 5FBD4563253077280039A86C /* LyftMapKitCloneTests.xctest */;
			productType = "com.apple.product-type.bundle.unit-test";
		};
		5FBD456D253077280039A86C /* LyftMapKitCloneUITests */ = {
			isa = PBXNativeTarget;
			buildConfigurationList = 5FBD457D253077280039A86C /* Build configuration list for PBXNativeTarget "LyftMapKitCloneUITests" */;
			buildPhases = (
				5FBD456A253077280039A86C /* Sources */,
				5FBD456B253077280039A86C /* Frameworks */,
				5FBD456C253077280039A86C /* Resources */,
			);
			buildRules = (
			);
			dependencies = (
				5FBD4570253077280039A86C /* PBXTargetDependency */,
			);
			name = LyftMapKitCloneUITests;
			productName = LyftMapKitCloneUITests;
			productReference = 5FBD456E253077280039A86C /* LyftMapKitCloneUITests.xctest */;
			productType = "com.apple.product-type.bundle.ui-testing";
		};
/* End PBXNativeTarget section */

/* Begin PBXProject section */
		5FBD4545253077270039A86C /* Project object */ = {
			isa = PBXProject;
			attributes = {
				LastSwiftUpdateCheck = 1200;
				LastUpgradeCheck = 1200;
				TargetAttributes = {
					5FBD454C253077270039A86C = {
						CreatedOnToolsVersion = 12.0.1;
					};
					5FBD4562253077280039A86C = {
						CreatedOnToolsVersion = 12.0.1;
						TestTargetID = 5FBD454C253077270039A86C;
					};
					5FBD456D253077280039A86C = {
						CreatedOnToolsVersion = 12.0.1;
						TestTargetID = 5FBD454C253077270039A86C;
					};
				};
			};
			buildConfigurationList = 5FBD4548253077270039A86C /* Build configuration list for PBXProject "LyftMapKitClone" */;
			compatibilityVersion = "Xcode 9.3";
			developmentRegion = en;
			hasScannedForEncodings = 0;
			knownRegions = (
				en,
				Base,
			);
			mainGroup = 5FBD4544253077270039A86C;
			productRefGroup = 5FBD454E253077270039A86C /* Products */;
			projectDirPath = "";
			projectRoot = "";
			targets = (
				5FBD454C253077270039A86C /* LyftMapKitClone */,
				5FBD4562253077280039A86C /* LyftMapKitCloneTests */,
				5FBD456D253077280039A86C /* LyftMapKitCloneUITests */,
			);
		};
/* End PBXProject section */

/* Begin PBXResourcesBuildPhase section */
		5FBD454B253077270039A86C /* Resources */ = {
			isa = PBXResourcesBuildPhase;
			buildActionMask = 2147483647;
			files = (
				5FBD455D253077280039A86C /* LaunchScreen.storyboard in Resources */,
				5FBD459D25307D1E0039A86C /* Route.storyboard in Resources */,
				5FBD455A253077280039A86C /* Assets.xcassets in Resources */,
				5FBD45C72530803D0039A86C /* locations-json.json in Resources */,
				5FBD458525307BAB0039A86C /* DropOffLocation.storyboard in Resources */,
				5FBD45A225307D330039A86C /* Driver.storyboard in Resources */,
				5FBD4558253077270039A86C /* Main.storyboard in Resources */,
			);
			runOnlyForDeploymentPostprocessing = 0;
		};
		5FBD4561253077280039A86C /* Resources */ = {
			isa = PBXResourcesBuildPhase;
			buildActionMask = 2147483647;
			files = (
			);
			runOnlyForDeploymentPostprocessing = 0;
		};
		5FBD456C253077280039A86C /* Resources */ = {
			isa = PBXResourcesBuildPhase;
			buildActionMask = 2147483647;
			files = (
			);
			runOnlyForDeploymentPostprocessing = 0;
		};
/* End PBXResourcesBuildPhase section */

/* Begin PBXSourcesBuildPhase section */
		5FBD4549253077270039A86C /* Sources */ = {
			isa = PBXSourcesBuildPhase;
			buildActionMask = 2147483647;
			files = (
				5FBD459725307CF10039A86C /* DriverViewController.swift in Sources */,
				5FBD4555253077270039A86C /* HomeViewController.swift in Sources */,
				5FBD4551253077270039A86C /* AppDelegate.swift in Sources */,
				5FBD458A25307BD50039A86C /* DropOffLocationViewController.swift in Sources */,
				5F042D37253152EF001693E1 /* LyftRideQuoteManager.swift in Sources */,
				5FBD45C225307FF80039A86C /* LocationManager.swift in Sources */,
				5FBD458F25307CE10039A86C /* RouteViewController.swift in Sources */,
				5FBD45D025308B070039A86C /* LocationCell.swift in Sources */,
				5F042D3225315060001693E1 /* LyftRideQuote.swift in Sources */,
				5F042D3C253157BB001693E1 /* K.swift in Sources */,
				5FBD4553253077270039A86C /* SceneDelegate.swift in Sources */,
				5FBD45BD25307FE50039A86C /* Location.swift in Sources */,
			);
			runOnlyForDeploymentPostprocessing = 0;
		};
		5FBD455F253077280039A86C /* Sources */ = {
			isa = PBXSourcesBuildPhase;
			buildActionMask = 2147483647;
			files = (
				5FBD4568253077280039A86C /* LyftMapKitCloneTests.swift in Sources */,
			);
			runOnlyForDeploymentPostprocessing = 0;
		};
		5FBD456A253077280039A86C /* Sources */ = {
			isa = PBXSourcesBuildPhase;
			buildActionMask = 2147483647;
			files = (
				5FBD4573253077280039A86C /* LyftMapKitCloneUITests.swift in Sources */,
			);
			runOnlyForDeploymentPostprocessing = 0;
		};
/* End PBXSourcesBuildPhase section */

/* Begin PBXTargetDependency section */
		5FBD4565253077280039A86C /* PBXTargetDependency */ = {
			isa = PBXTargetDependency;
			target = 5FBD454C253077270039A86C /* LyftMapKitClone */;
			targetProxy = 5FBD4564253077280039A86C /* PBXContainerItemProxy */;
		};
		5FBD4570253077280039A86C /* PBXTargetDependency */ = {
			isa = PBXTargetDependency;
			target = 5FBD454C253077270039A86C /* LyftMapKitClone */;
			targetProxy = 5FBD456F253077280039A86C /* PBXContainerItemProxy */;
		};
/* End PBXTargetDependency section */

/* Begin PBXVariantGroup section */
		5FBD4556253077270039A86C /* Main.storyboard */ = {
			isa = PBXVariantGroup;
			children = (
				5FBD4557253077270039A86C /* Base */,
			);
			name = Main.storyboard;
			sourceTree = "<group>";
		};
		5FBD455B253077280039A86C /* LaunchScreen.storyboard */ = {
			isa = PBXVariantGroup;
			children = (
				5FBD455C253077280039A86C /* Base */,
			);
			name = LaunchScreen.storyboard;
			sourceTree = "<group>";
		};
		5FBD458325307BAB0039A86C /* DropOffLocation.storyboard */ = {
			isa = PBXVariantGroup;
			children = (
				5FBD458425307BAB0039A86C /* Base */,
			);
			name = DropOffLocation.storyboard;
			sourceTree = "<group>";
		};
		5FBD459B25307D1E0039A86C /* Route.storyboard */ = {
			isa = PBXVariantGroup;
			children = (
				5FBD459C25307D1E0039A86C /* Base */,
			);
			name = Route.storyboard;
			sourceTree = "<group>";
		};
/* End PBXVariantGroup section */

/* Begin XCBuildConfiguration section */
		5FBD4575253077280039A86C /* Debug */ = {
			isa = XCBuildConfiguration;
			buildSettings = {
				ALWAYS_SEARCH_USER_PATHS = NO;
				CLANG_ANALYZER_NONNULL = YES;
				CLANG_ANALYZER_NUMBER_OBJECT_CONVERSION = YES_AGGRESSIVE;
				CLANG_CXX_LANGUAGE_STANDARD = "gnu++14";
				CLANG_CXX_LIBRARY = "libc++";
				CLANG_ENABLE_MODULES = YES;
				CLANG_ENABLE_OBJC_ARC = YES;
				CLANG_ENABLE_OBJC_WEAK = YES;
				CLANG_WARN_BLOCK_CAPTURE_AUTORELEASING = YES;
				CLANG_WARN_BOOL_CONVERSION = YES;
				CLANG_WARN_COMMA = YES;
				CLANG_WARN_CONSTANT_CONVERSION = YES;
				CLANG_WARN_DEPRECATED_OBJC_IMPLEMENTATIONS = YES;
				CLANG_WARN_DIRECT_OBJC_ISA_USAGE = YES_ERROR;
				CLANG_WARN_DOCUMENTATION_COMMENTS = YES;
				CLANG_WARN_EMPTY_BODY = YES;
				CLANG_WARN_ENUM_CONVERSION = YES;
				CLANG_WARN_INFINITE_RECURSION = YES;
				CLANG_WARN_INT_CONVERSION = YES;
				CLANG_WARN_NON_LITERAL_NULL_CONVERSION = YES;
				CLANG_WARN_OBJC_IMPLICIT_RETAIN_SELF = YES;
				CLANG_WARN_OBJC_LITERAL_CONVERSION = YES;
				CLANG_WARN_OBJC_ROOT_CLASS = YES_ERROR;
				CLANG_WARN_QUOTED_INCLUDE_IN_FRAMEWORK_HEADER = YES;
				CLANG_WARN_RANGE_LOOP_ANALYSIS = YES;
				CLANG_WARN_STRICT_PROTOTYPES = YES;
				CLANG_WARN_SUSPICIOUS_MOVE = YES;
				CLANG_WARN_UNGUARDED_AVAILABILITY = YES_AGGRESSIVE;
				CLANG_WARN_UNREACHABLE_CODE = YES;
				CLANG_WARN__DUPLICATE_METHOD_MATCH = YES;
				COPY_PHASE_STRIP = NO;
				DEBUG_INFORMATION_FORMAT = dwarf;
				ENABLE_STRICT_OBJC_MSGSEND = YES;
				ENABLE_TESTABILITY = YES;
				GCC_C_LANGUAGE_STANDARD = gnu11;
				GCC_DYNAMIC_NO_PIC = NO;
				GCC_NO_COMMON_BLOCKS = YES;
				GCC_OPTIMIZATION_LEVEL = 0;
				GCC_PREPROCESSOR_DEFINITIONS = (
					"DEBUG=1",
					"$(inherited)",
				);
				GCC_WARN_64_TO_32_BIT_CONVERSION = YES;
				GCC_WARN_ABOUT_RETURN_TYPE = YES_ERROR;
				GCC_WARN_UNDECLARED_SELECTOR = YES;
				GCC_WARN_UNINITIALIZED_AUTOS = YES_AGGRESSIVE;
				GCC_WARN_UNUSED_FUNCTION = YES;
				GCC_WARN_UNUSED_VARIABLE = YES;
				IPHONEOS_DEPLOYMENT_TARGET = 14.0;
				MTL_ENABLE_DEBUG_INFO = INCLUDE_SOURCE;
				MTL_FAST_MATH = YES;
				ONLY_ACTIVE_ARCH = YES;
				SDKROOT = iphoneos;
				SWIFT_ACTIVE_COMPILATION_CONDITIONS = DEBUG;
				SWIFT_OPTIMIZATION_LEVEL = "-Onone";
			};
			name = Debug;
		};
		5FBD4576253077280039A86C /* Release */ = {
			isa = XCBuildConfiguration;
			buildSettings = {
				ALWAYS_SEARCH_USER_PATHS = NO;
				CLANG_ANALYZER_NONNULL = YES;
				CLANG_ANALYZER_NUMBER_OBJECT_CONVERSION = YES_AGGRESSIVE;
				CLANG_CXX_LANGUAGE_STANDARD = "gnu++14";
				CLANG_CXX_LIBRARY = "libc++";
				CLANG_ENABLE_MODULES = YES;
				CLANG_ENABLE_OBJC_ARC = YES;
				CLANG_ENABLE_OBJC_WEAK = YES;
				CLANG_WARN_BLOCK_CAPTURE_AUTORELEASING = YES;
				CLANG_WARN_BOOL_CONVERSION = YES;
				CLANG_WARN_COMMA = YES;
				CLANG_WARN_CONSTANT_CONVERSION = YES;
				CLANG_WARN_DEPRECATED_OBJC_IMPLEMENTATIONS = YES;
				CLANG_WARN_DIRECT_OBJC_ISA_USAGE = YES_ERROR;
				CLANG_WARN_DOCUMENTATION_COMMENTS = YES;
				CLANG_WARN_EMPTY_BODY = YES;
				CLANG_WARN_ENUM_CONVERSION = YES;
				CLANG_WARN_INFINITE_RECURSION = YES;
				CLANG_WARN_INT_CONVERSION = YES;
				CLANG_WARN_NON_LITERAL_NULL_CONVERSION = YES;
				CLANG_WARN_OBJC_IMPLICIT_RETAIN_SELF = YES;
				CLANG_WARN_OBJC_LITERAL_CONVERSION = YES;
				CLANG_WARN_OBJC_ROOT_CLASS = YES_ERROR;
				CLANG_WARN_QUOTED_INCLUDE_IN_FRAMEWORK_HEADER = YES;
				CLANG_WARN_RANGE_LOOP_ANALYSIS = YES;
				CLANG_WARN_STRICT_PROTOTYPES = YES;
				CLANG_WARN_SUSPICIOUS_MOVE = YES;
				CLANG_WARN_UNGUARDED_AVAILABILITY = YES_AGGRESSIVE;
				CLANG_WARN_UNREACHABLE_CODE = YES;
				CLANG_WARN__DUPLICATE_METHOD_MATCH = YES;
				COPY_PHASE_STRIP = NO;
				DEBUG_INFORMATION_FORMAT = "dwarf-with-dsym";
				ENABLE_NS_ASSERTIONS = NO;
				ENABLE_STRICT_OBJC_MSGSEND = YES;
				GCC_C_LANGUAGE_STANDARD = gnu11;
				GCC_NO_COMMON_BLOCKS = YES;
				GCC_WARN_64_TO_32_BIT_CONVERSION = YES;
				GCC_WARN_ABOUT_RETURN_TYPE = YES_ERROR;
				GCC_WARN_UNDECLARED_SELECTOR = YES;
				GCC_WARN_UNINITIALIZED_AUTOS = YES_AGGRESSIVE;
				GCC_WARN_UNUSED_FUNCTION = YES;
				GCC_WARN_UNUSED_VARIABLE = YES;
				IPHONEOS_DEPLOYMENT_TARGET = 14.0;
				MTL_ENABLE_DEBUG_INFO = NO;
				MTL_FAST_MATH = YES;
				SDKROOT = iphoneos;
				SWIFT_COMPILATION_MODE = wholemodule;
				SWIFT_OPTIMIZATION_LEVEL = "-O";
				VALIDATE_PRODUCT = YES;
			};
			name = Release;
		};
		5FBD4578253077280039A86C /* Debug */ = {
			isa = XCBuildConfiguration;
			buildSettings = {
				ASSETCATALOG_COMPILER_APPICON_NAME = AppIcon;
				ASSETCATALOG_COMPILER_GLOBAL_ACCENT_COLOR_NAME = AccentColor;
				CODE_SIGN_STYLE = Automatic;
				DEVELOPMENT_TEAM = T7D2CW4K8R;
				INFOPLIST_FILE = LyftMapKitClone/Info.plist;
				LD_RUNPATH_SEARCH_PATHS = (
					"$(inherited)",
					"@executable_path/Frameworks",
				);
				PRODUCT_BUNDLE_IDENTIFIER = com.eMscully.LyftMapKitClone;
				PRODUCT_NAME = "$(TARGET_NAME)";
				SWIFT_VERSION = 5.0;
				TARGETED_DEVICE_FAMILY = "1,2";
			};
			name = Debug;
		};
		5FBD4579253077280039A86C /* Release */ = {
			isa = XCBuildConfiguration;
			buildSettings = {
				ASSETCATALOG_COMPILER_APPICON_NAME = AppIcon;
				ASSETCATALOG_COMPILER_GLOBAL_ACCENT_COLOR_NAME = AccentColor;
				CODE_SIGN_STYLE = Automatic;
				DEVELOPMENT_TEAM = T7D2CW4K8R;
				INFOPLIST_FILE = LyftMapKitClone/Info.plist;
				LD_RUNPATH_SEARCH_PATHS = (
					"$(inherited)",
					"@executable_path/Frameworks",
				);
				PRODUCT_BUNDLE_IDENTIFIER = com.eMscully.LyftMapKitClone;
				PRODUCT_NAME = "$(TARGET_NAME)";
				SWIFT_VERSION = 5.0;
				TARGETED_DEVICE_FAMILY = "1,2";
			};
			name = Release;
		};
		5FBD457B253077280039A86C /* Debug */ = {
			isa = XCBuildConfiguration;
			buildSettings = {
				ALWAYS_EMBED_SWIFT_STANDARD_LIBRARIES = YES;
				BUNDLE_LOADER = "$(TEST_HOST)";
				CODE_SIGN_STYLE = Automatic;
				DEVELOPMENT_TEAM = T7D2CW4K8R;
				INFOPLIST_FILE = LyftMapKitCloneTests/Info.plist;
				IPHONEOS_DEPLOYMENT_TARGET = 14.0;
				LD_RUNPATH_SEARCH_PATHS = (
					"$(inherited)",
					"@executable_path/Frameworks",
					"@loader_path/Frameworks",
				);
				PRODUCT_BUNDLE_IDENTIFIER = com.eMscully.LyftMapKitCloneTests;
				PRODUCT_NAME = "$(TARGET_NAME)";
				SWIFT_VERSION = 5.0;
				TARGETED_DEVICE_FAMILY = "1,2";
				TEST_HOST = "$(BUILT_PRODUCTS_DIR)/LyftMapKitClone.app/LyftMapKitClone";
			};
			name = Debug;
		};
		5FBD457C253077280039A86C /* Release */ = {
			isa = XCBuildConfiguration;
			buildSettings = {
				ALWAYS_EMBED_SWIFT_STANDARD_LIBRARIES = YES;
				BUNDLE_LOADER = "$(TEST_HOST)";
				CODE_SIGN_STYLE = Automatic;
				DEVELOPMENT_TEAM = T7D2CW4K8R;
				INFOPLIST_FILE = LyftMapKitCloneTests/Info.plist;
				IPHONEOS_DEPLOYMENT_TARGET = 14.0;
				LD_RUNPATH_SEARCH_PATHS = (
					"$(inherited)",
					"@executable_path/Frameworks",
					"@loader_path/Frameworks",
				);
				PRODUCT_BUNDLE_IDENTIFIER = com.eMscully.LyftMapKitCloneTests;
				PRODUCT_NAME = "$(TARGET_NAME)";
				SWIFT_VERSION = 5.0;
				TARGETED_DEVICE_FAMILY = "1,2";
				TEST_HOST = "$(BUILT_PRODUCTS_DIR)/LyftMapKitClone.app/LyftMapKitClone";
			};
			name = Release;
		};
		5FBD457E253077280039A86C /* Debug */ = {
			isa = XCBuildConfiguration;
			buildSettings = {
				ALWAYS_EMBED_SWIFT_STANDARD_LIBRARIES = YES;
				CODE_SIGN_STYLE = Automatic;
				DEVELOPMENT_TEAM = T7D2CW4K8R;
				INFOPLIST_FILE = LyftMapKitCloneUITests/Info.plist;
				LD_RUNPATH_SEARCH_PATHS = (
					"$(inherited)",
					"@executable_path/Frameworks",
					"@loader_path/Frameworks",
				);
				PRODUCT_BUNDLE_IDENTIFIER = com.eMscully.LyftMapKitCloneUITests;
				PRODUCT_NAME = "$(TARGET_NAME)";
				SWIFT_VERSION = 5.0;
				TARGETED_DEVICE_FAMILY = "1,2";
				TEST_TARGET_NAME = LyftMapKitClone;
			};
			name = Debug;
		};
		5FBD457F253077280039A86C /* Release */ = {
			isa = XCBuildConfiguration;
			buildSettings = {
				ALWAYS_EMBED_SWIFT_STANDARD_LIBRARIES = YES;
				CODE_SIGN_STYLE = Automatic;
				DEVELOPMENT_TEAM = T7D2CW4K8R;
				INFOPLIST_FILE = LyftMapKitCloneUITests/Info.plist;
				LD_RUNPATH_SEARCH_PATHS = (
					"$(inherited)",
					"@executable_path/Frameworks",
					"@loader_path/Frameworks",
				);
				PRODUCT_BUNDLE_IDENTIFIER = com.eMscully.LyftMapKitCloneUITests;
				PRODUCT_NAME = "$(TARGET_NAME)";
				SWIFT_VERSION = 5.0;
				TARGETED_DEVICE_FAMILY = "1,2";
				TEST_TARGET_NAME = LyftMapKitClone;
			};
			name = Release;
		};
/* End XCBuildConfiguration section */

/* Begin XCConfigurationList section */
		5FBD4548253077270039A86C /* Build configuration list for PBXProject "LyftMapKitClone" */ = {
			isa = XCConfigurationList;
			buildConfigurations = (
				5FBD4575253077280039A86C /* Debug */,
				5FBD4576253077280039A86C /* Release */,
			);
			defaultConfigurationIsVisible = 0;
			defaultConfigurationName = Release;
		};
		5FBD4577253077280039A86C /* Build configuration list for PBXNativeTarget "LyftMapKitClone" */ = {
			isa = XCConfigurationList;
			buildConfigurations = (
				5FBD4578253077280039A86C /* Debug */,
				5FBD4579253077280039A86C /* Release */,
			);
			defaultConfigurationIsVisible = 0;
			defaultConfigurationName = Release;
		};
		5FBD457A253077280039A86C /* Build configuration list for PBXNativeTarget "LyftMapKitCloneTests" */ = {
			isa = XCConfigurationList;
			buildConfigurations = (
				5FBD457B253077280039A86C /* Debug */,
				5FBD457C253077280039A86C /* Release */,
			);
			defaultConfigurationIsVisible = 0;
			defaultConfigurationName = Release;
		};
		5FBD457D253077280039A86C /* Build configuration list for PBXNativeTarget "LyftMapKitCloneUITests" */ = {
			isa = XCConfigurationList;
			buildConfigurations = (
				5FBD457E253077280039A86C /* Debug */,
				5FBD457F253077280039A86C /* Release */,
			);
			defaultConfigurationIsVisible = 0;
			defaultConfigurationName = Release;
		};
/* End XCConfigurationList section */
	};
	rootObject = 5FBD4545253077270039A86C /* Project object */;
}
